
Microsoft Visual Studio Solution File, Format Version 12.00
# Visual Studio 15
VisualStudioVersion = 15.0.28307.168
MinimumVisualStudioVersion = 10.0.40219.1
Project("{2150E333-8FDC-42A3-9474-1A3956D46DE8}") = "Module1_Multithreading", "Module1_Multithreading", "{D6E624B7-98FF-454B-BACF-4D3945ADDC51}"
EndProject
Project("{2150E333-8FDC-42A3-9474-1A3956D46DE8}") = "01_Multithreading", "01_Multithreading", "{57238DDE-32B8-4F9B-8D8B-92F3C495E29E}"
	ProjectSection(SolutionItems) = preProject
		Module1_Multithreading\01_Multithreading\TaskListLink.txt = Module1_Multithreading\01_Multithreading\TaskListLink.txt
	EndProjectSection
EndProject
Project("{2150E333-8FDC-42A3-9474-1A3956D46DE8}") = "02_AsyncAwait", "02_AsyncAwait", "{520EE30B-C2B8-46EF-B041-1F78B45E9188}"
EndProject
Project("{2150E333-8FDC-42A3-9474-1A3956D46DE8}") = "03_ComplexTask", "03_ComplexTask", "{E5CA78A8-FCDE-4656-BF64-9C1F95042669}"
EndProject
Project("{9A19103F-16F7-4668-BE54-9A1E7A4F7556}") = "02.01", "Module1_Multithreading\02_AsyncAwait\02.01\02.01.csproj", "{AF4E1B44-C65C-43CA-B3D1-05964E799D88}"
EndProject
Project("{9A19103F-16F7-4668-BE54-9A1E7A4F7556}") = "01.01", "Module1_Multithreading\01_Multithreading\01.01\01.01.csproj", "{7ADC8685-72C3-4C18-9F77-F6FC0367F9E5}"
EndProject
Project("{9A19103F-16F7-4668-BE54-9A1E7A4F7556}") = "01.02", "Module1_Multithreading\01_Multithreading\01.02\01.02.csproj", "{C79E85E4-ADC4-4079-ACCC-F4DC38BC7DDF}"
EndProject
Project("{9A19103F-16F7-4668-BE54-9A1E7A4F7556}") = "01.03", "Module1_Multithreading\01_Multithreading\01.03\01.03.csproj", "{4B6BFA67-AE9F-403A-91A5-241CD7E38296}"
EndProject
Project("{9A19103F-16F7-4668-BE54-9A1E7A4F7556}") = "01.04", "Module1_Multithreading\01_Multithreading\01.04\01.04.csproj", "{EA755D99-EB33-4E6A-9A33-E290BD17BBA5}"
EndProject
Project("{9A19103F-16F7-4668-BE54-9A1E7A4F7556}") = "01.05", "Module1_Multithreading\01_Multithreading\01.05\01.05.csproj", "{91629A26-9413-4FD7-938E-8D06449CAE44}"
EndProject
Project("{9A19103F-16F7-4668-BE54-9A1E7A4F7556}") = "01.06", "Module1_Multithreading\01_Multithreading\01.06\01.06.csproj", "{330DEE4C-4ACB-4159-B531-26E945790234}"
EndProject
Project("{9A19103F-16F7-4668-BE54-9A1E7A4F7556}") = "01.07", "Module1_Multithreading\01_Multithreading\01.07\01.07.csproj", "{2DD4FDAD-061C-41BD-BC87-38206A7E85FA}"
EndProject
Project("{9A19103F-16F7-4668-BE54-9A1E7A4F7556}") = "Client", "Module1_Multithreading\03_ComplexTask\Client\Client.csproj", "{5B365BA6-009C-43AC-BAC6-01B83A0B1D3C}"
EndProject
Project("{9A19103F-16F7-4668-BE54-9A1E7A4F7556}") = "Server", "Module1_Multithreading\03_ComplexTask\Server\Server.csproj", "{FC505023-289F-4CE2-9E2F-D1F9BA151B47}"
EndProject
Project("{9A19103F-16F7-4668-BE54-9A1E7A4F7556}") = "02.02", "Module1_Multithreading\02_AsyncAwait\02.02\02.02.csproj", "{7FA20259-E238-4339-B0A4-F6656111072C}"
EndProject
Project("{9A19103F-16F7-4668-BE54-9A1E7A4F7556}") = "02.03", "Module1_Multithreading\02_AsyncAwait\02.03\02.03.csproj", "{96A20343-265C-4B26-9498-9C9A7D971CDE}"
EndProject
Project("{9A19103F-16F7-4668-BE54-9A1E7A4F7556}") = "02.04", "Module1_Multithreading\02_AsyncAwait\02.04\02.04.csproj", "{04C6A6C5-A3DD-4CAE-91E6-0DE17D78FDED}"
EndProject
Project("{9A19103F-16F7-4668-BE54-9A1E7A4F7556}") = "ClientServer.Common", "Module1_Multithreading\03_ComplexTask\ClientServer.Common\ClientServer.Common.csproj", "{26F33BDF-E912-478B-96BC-333BABC833E9}"
EndProject
Project("{2150E333-8FDC-42A3-9474-1A3956D46DE8}") = "Module2_IQueriable", "Module2_IQueriable", "{214362C7-72A2-48BB-8A15-4BDE407005D7}"
EndProject
Project("{9A19103F-16F7-4668-BE54-9A1E7A4F7556}") = "FileProvider", "Module2_IQueriable\FileProvider\FileProvider\FileProvider.csproj", "{6AB7B5AD-B1E2-4F9B-B19F-884FFF44109A}"
EndProject
Project("{9A19103F-16F7-4668-BE54-9A1E7A4F7556}") = "CUI", "Module2_IQueriable\FileProvider\CUI\CUI.csproj", "{D9C339EE-A383-4A17-AB1A-8446A94FA3FC}"
EndProject
Project("{2150E333-8FDC-42A3-9474-1A3956D46DE8}") = "Module3_Interoperating_with_Unmanaged_Code", "Module3_Interoperating_with_Unmanaged_Code", "{9684E7C5-0B82-45AA-BF23-11D5BE6075D2}"
EndProject
Project("{9A19103F-16F7-4668-BE54-9A1E7A4F7556}") = "PowerStateManagemet", "Module3_Interoperating_with_Unmanaged_Code\PowerStateManagemet\PowerStateManagemet.csproj", "{14DC2344-8825-4F39-80AA-9D08F23C9B1F}"
EndProject
Project("{9A19103F-16F7-4668-BE54-9A1E7A4F7556}") = "PowerStateManagement.Test", "Module3_Interoperating_with_Unmanaged_Code\PowerStateManagement.Test\PowerStateManagement.Test.csproj", "{65B90186-CCCE-4666-9549-B479E0C269EA}"
EndProject
Project("{2150E333-8FDC-42A3-9474-1A3956D46DE8}") = "Module4_Message_Queues", "Module4_Message_Queues", "{3B3629F6-AAFE-48A5-AF61-40734857F561}"
EndProject
Project("{FAE04EC0-301F-11D3-BF4B-00C04F79EFBC}") = "InputServer", "Module4_Message_Queues\InputServer\InputServer.csproj", "{1019795E-AB6E-4548-A9C6-2E167C46E276}"
EndProject
Project("{FAE04EC0-301F-11D3-BF4B-00C04F79EFBC}") = "CentralServer", "Module4_Message_Queues\CentralServer\CentralServer.csproj", "{B869CAD0-3A15-48A9-8F0F-17361AACC448}"
EndProject
Project("{2150E333-8FDC-42A3-9474-1A3956D46DE8}") = "Module5_Debugging", "Module5_Debugging", "{08C41CDC-00A8-4338-8A2A-B0F1AFAF83E8}"
EndProject
Project("{FAE04EC0-301F-11D3-BF4B-00C04F79EFBC}") = "TestCU", "Module5_Debugging\TestCU\TestCU.csproj", "{7374EDE4-0208-41B4-A50D-519977A4027A}"
EndProject
Project("{FAE04EC0-301F-11D3-BF4B-00C04F79EFBC}") = "Common", "Module4_Message_Queues\Common\Common.csproj", "{F94CF00D-0336-48F5-8B04-88FF36D731F1}"
EndProject
Global
	GlobalSection(SolutionConfigurationPlatforms) = preSolution
		Debug|Any CPU = Debug|Any CPU
		Release|Any CPU = Release|Any CPU
	EndGlobalSection
	GlobalSection(ProjectConfigurationPlatforms) = postSolution
		{AF4E1B44-C65C-43CA-B3D1-05964E799D88}.Debug|Any CPU.ActiveCfg = Debug|Any CPU
		{AF4E1B44-C65C-43CA-B3D1-05964E799D88}.Debug|Any CPU.Build.0 = Debug|Any CPU
		{AF4E1B44-C65C-43CA-B3D1-05964E799D88}.Release|Any CPU.ActiveCfg = Release|Any CPU
		{AF4E1B44-C65C-43CA-B3D1-05964E799D88}.Release|Any CPU.Build.0 = Release|Any CPU
		{7ADC8685-72C3-4C18-9F77-F6FC0367F9E5}.Debug|Any CPU.ActiveCfg = Debug|Any CPU
		{7ADC8685-72C3-4C18-9F77-F6FC0367F9E5}.Debug|Any CPU.Build.0 = Debug|Any CPU
		{7ADC8685-72C3-4C18-9F77-F6FC0367F9E5}.Release|Any CPU.ActiveCfg = Release|Any CPU
		{7ADC8685-72C3-4C18-9F77-F6FC0367F9E5}.Release|Any CPU.Build.0 = Release|Any CPU
		{C79E85E4-ADC4-4079-ACCC-F4DC38BC7DDF}.Debug|Any CPU.ActiveCfg = Debug|Any CPU
		{C79E85E4-ADC4-4079-ACCC-F4DC38BC7DDF}.Debug|Any CPU.Build.0 = Debug|Any CPU
		{C79E85E4-ADC4-4079-ACCC-F4DC38BC7DDF}.Release|Any CPU.ActiveCfg = Release|Any CPU
		{C79E85E4-ADC4-4079-ACCC-F4DC38BC7DDF}.Release|Any CPU.Build.0 = Release|Any CPU
		{4B6BFA67-AE9F-403A-91A5-241CD7E38296}.Debug|Any CPU.ActiveCfg = Debug|Any CPU
		{4B6BFA67-AE9F-403A-91A5-241CD7E38296}.Debug|Any CPU.Build.0 = Debug|Any CPU
		{4B6BFA67-AE9F-403A-91A5-241CD7E38296}.Release|Any CPU.ActiveCfg = Release|Any CPU
		{4B6BFA67-AE9F-403A-91A5-241CD7E38296}.Release|Any CPU.Build.0 = Release|Any CPU
		{EA755D99-EB33-4E6A-9A33-E290BD17BBA5}.Debug|Any CPU.ActiveCfg = Debug|Any CPU
		{EA755D99-EB33-4E6A-9A33-E290BD17BBA5}.Debug|Any CPU.Build.0 = Debug|Any CPU
		{EA755D99-EB33-4E6A-9A33-E290BD17BBA5}.Release|Any CPU.ActiveCfg = Release|Any CPU
		{EA755D99-EB33-4E6A-9A33-E290BD17BBA5}.Release|Any CPU.Build.0 = Release|Any CPU
		{91629A26-9413-4FD7-938E-8D06449CAE44}.Debug|Any CPU.ActiveCfg = Debug|Any CPU
		{91629A26-9413-4FD7-938E-8D06449CAE44}.Debug|Any CPU.Build.0 = Debug|Any CPU
		{91629A26-9413-4FD7-938E-8D06449CAE44}.Release|Any CPU.ActiveCfg = Release|Any CPU
		{91629A26-9413-4FD7-938E-8D06449CAE44}.Release|Any CPU.Build.0 = Release|Any CPU
		{330DEE4C-4ACB-4159-B531-26E945790234}.Debug|Any CPU.ActiveCfg = Debug|Any CPU
		{330DEE4C-4ACB-4159-B531-26E945790234}.Debug|Any CPU.Build.0 = Debug|Any CPU
		{330DEE4C-4ACB-4159-B531-26E945790234}.Release|Any CPU.ActiveCfg = Release|Any CPU
		{330DEE4C-4ACB-4159-B531-26E945790234}.Release|Any CPU.Build.0 = Release|Any CPU
		{2DD4FDAD-061C-41BD-BC87-38206A7E85FA}.Debug|Any CPU.ActiveCfg = Debug|Any CPU
		{2DD4FDAD-061C-41BD-BC87-38206A7E85FA}.Debug|Any CPU.Build.0 = Debug|Any CPU
		{2DD4FDAD-061C-41BD-BC87-38206A7E85FA}.Release|Any CPU.ActiveCfg = Release|Any CPU
		{2DD4FDAD-061C-41BD-BC87-38206A7E85FA}.Release|Any CPU.Build.0 = Release|Any CPU
		{5B365BA6-009C-43AC-BAC6-01B83A0B1D3C}.Debug|Any CPU.ActiveCfg = Debug|Any CPU
		{5B365BA6-009C-43AC-BAC6-01B83A0B1D3C}.Debug|Any CPU.Build.0 = Debug|Any CPU
		{5B365BA6-009C-43AC-BAC6-01B83A0B1D3C}.Release|Any CPU.ActiveCfg = Release|Any CPU
		{5B365BA6-009C-43AC-BAC6-01B83A0B1D3C}.Release|Any CPU.Build.0 = Release|Any CPU
		{FC505023-289F-4CE2-9E2F-D1F9BA151B47}.Debug|Any CPU.ActiveCfg = Debug|Any CPU
		{FC505023-289F-4CE2-9E2F-D1F9BA151B47}.Debug|Any CPU.Build.0 = Debug|Any CPU
		{FC505023-289F-4CE2-9E2F-D1F9BA151B47}.Release|Any CPU.ActiveCfg = Release|Any CPU
		{FC505023-289F-4CE2-9E2F-D1F9BA151B47}.Release|Any CPU.Build.0 = Release|Any CPU
		{7FA20259-E238-4339-B0A4-F6656111072C}.Debug|Any CPU.ActiveCfg = Debug|Any CPU
		{7FA20259-E238-4339-B0A4-F6656111072C}.Debug|Any CPU.Build.0 = Debug|Any CPU
		{7FA20259-E238-4339-B0A4-F6656111072C}.Release|Any CPU.ActiveCfg = Release|Any CPU
		{7FA20259-E238-4339-B0A4-F6656111072C}.Release|Any CPU.Build.0 = Release|Any CPU
		{96A20343-265C-4B26-9498-9C9A7D971CDE}.Debug|Any CPU.ActiveCfg = Debug|Any CPU
		{96A20343-265C-4B26-9498-9C9A7D971CDE}.Debug|Any CPU.Build.0 = Debug|Any CPU
		{96A20343-265C-4B26-9498-9C9A7D971CDE}.Release|Any CPU.ActiveCfg = Release|Any CPU
		{96A20343-265C-4B26-9498-9C9A7D971CDE}.Release|Any CPU.Build.0 = Release|Any CPU
		{04C6A6C5-A3DD-4CAE-91E6-0DE17D78FDED}.Debug|Any CPU.ActiveCfg = Debug|Any CPU
		{04C6A6C5-A3DD-4CAE-91E6-0DE17D78FDED}.Debug|Any CPU.Build.0 = Debug|Any CPU
		{04C6A6C5-A3DD-4CAE-91E6-0DE17D78FDED}.Release|Any CPU.ActiveCfg = Release|Any CPU
		{04C6A6C5-A3DD-4CAE-91E6-0DE17D78FDED}.Release|Any CPU.Build.0 = Release|Any CPU
		{26F33BDF-E912-478B-96BC-333BABC833E9}.Debug|Any CPU.ActiveCfg = Debug|Any CPU
		{26F33BDF-E912-478B-96BC-333BABC833E9}.Debug|Any CPU.Build.0 = Debug|Any CPU
		{26F33BDF-E912-478B-96BC-333BABC833E9}.Release|Any CPU.ActiveCfg = Release|Any CPU
		{26F33BDF-E912-478B-96BC-333BABC833E9}.Release|Any CPU.Build.0 = Release|Any CPU
		{6AB7B5AD-B1E2-4F9B-B19F-884FFF44109A}.Debug|Any CPU.ActiveCfg = Debug|Any CPU
		{6AB7B5AD-B1E2-4F9B-B19F-884FFF44109A}.Debug|Any CPU.Build.0 = Debug|Any CPU
		{6AB7B5AD-B1E2-4F9B-B19F-884FFF44109A}.Release|Any CPU.ActiveCfg = Release|Any CPU
		{6AB7B5AD-B1E2-4F9B-B19F-884FFF44109A}.Release|Any CPU.Build.0 = Release|Any CPU
		{D9C339EE-A383-4A17-AB1A-8446A94FA3FC}.Debug|Any CPU.ActiveCfg = Debug|Any CPU
		{D9C339EE-A383-4A17-AB1A-8446A94FA3FC}.Debug|Any CPU.Build.0 = Debug|Any CPU
		{D9C339EE-A383-4A17-AB1A-8446A94FA3FC}.Release|Any CPU.ActiveCfg = Release|Any CPU
		{D9C339EE-A383-4A17-AB1A-8446A94FA3FC}.Release|Any CPU.Build.0 = Release|Any CPU
		{14DC2344-8825-4F39-80AA-9D08F23C9B1F}.Debug|Any CPU.ActiveCfg = Debug|Any CPU
		{14DC2344-8825-4F39-80AA-9D08F23C9B1F}.Debug|Any CPU.Build.0 = Debug|Any CPU
		{14DC2344-8825-4F39-80AA-9D08F23C9B1F}.Release|Any CPU.ActiveCfg = Release|Any CPU
		{14DC2344-8825-4F39-80AA-9D08F23C9B1F}.Release|Any CPU.Build.0 = Release|Any CPU
		{65B90186-CCCE-4666-9549-B479E0C269EA}.Debug|Any CPU.ActiveCfg = Debug|Any CPU
		{65B90186-CCCE-4666-9549-B479E0C269EA}.Debug|Any CPU.Build.0 = Debug|Any CPU
		{65B90186-CCCE-4666-9549-B479E0C269EA}.Release|Any CPU.ActiveCfg = Release|Any CPU
		{65B90186-CCCE-4666-9549-B479E0C269EA}.Release|Any CPU.Build.0 = Release|Any CPU
		{1019795E-AB6E-4548-A9C6-2E167C46E276}.Debug|Any CPU.ActiveCfg = Debug|Any CPU
		{1019795E-AB6E-4548-A9C6-2E167C46E276}.Debug|Any CPU.Build.0 = Debug|Any CPU
		{1019795E-AB6E-4548-A9C6-2E167C46E276}.Release|Any CPU.ActiveCfg = Release|Any CPU
		{1019795E-AB6E-4548-A9C6-2E167C46E276}.Release|Any CPU.Build.0 = Release|Any CPU
		{B869CAD0-3A15-48A9-8F0F-17361AACC448}.Debug|Any CPU.ActiveCfg = Debug|Any CPU
		{B869CAD0-3A15-48A9-8F0F-17361AACC448}.Debug|Any CPU.Build.0 = Debug|Any CPU
		{B869CAD0-3A15-48A9-8F0F-17361AACC448}.Release|Any CPU.ActiveCfg = Release|Any CPU
		{B869CAD0-3A15-48A9-8F0F-17361AACC448}.Release|Any CPU.Build.0 = Release|Any CPU
		{7374EDE4-0208-41B4-A50D-519977A4027A}.Debug|Any CPU.ActiveCfg = Debug|Any CPU
		{7374EDE4-0208-41B4-A50D-519977A4027A}.Debug|Any CPU.Build.0 = Debug|Any CPU
		{7374EDE4-0208-41B4-A50D-519977A4027A}.Release|Any CPU.ActiveCfg = Release|Any CPU
		{7374EDE4-0208-41B4-A50D-519977A4027A}.Release|Any CPU.Build.0 = Release|Any CPU
		{F94CF00D-0336-48F5-8B04-88FF36D731F1}.Debug|Any CPU.ActiveCfg = Debug|Any CPU
		{F94CF00D-0336-48F5-8B04-88FF36D731F1}.Debug|Any CPU.Build.0 = Debug|Any CPU
		{F94CF00D-0336-48F5-8B04-88FF36D731F1}.Release|Any CPU.ActiveCfg = Release|Any CPU
		{F94CF00D-0336-48F5-8B04-88FF36D731F1}.Release|Any CPU.Build.0 = Release|Any CPU
	EndGlobalSection
	GlobalSection(SolutionProperties) = preSolution
		HideSolutionNode = FALSE
	EndGlobalSection
	GlobalSection(NestedProjects) = preSolution
		{57238DDE-32B8-4F9B-8D8B-92F3C495E29E} = {D6E624B7-98FF-454B-BACF-4D3945ADDC51}
		{520EE30B-C2B8-46EF-B041-1F78B45E9188} = {D6E624B7-98FF-454B-BACF-4D3945ADDC51}
		{E5CA78A8-FCDE-4656-BF64-9C1F95042669} = {D6E624B7-98FF-454B-BACF-4D3945ADDC51}
		{AF4E1B44-C65C-43CA-B3D1-05964E799D88} = {520EE30B-C2B8-46EF-B041-1F78B45E9188}
		{7ADC8685-72C3-4C18-9F77-F6FC0367F9E5} = {57238DDE-32B8-4F9B-8D8B-92F3C495E29E}
		{C79E85E4-ADC4-4079-ACCC-F4DC38BC7DDF} = {57238DDE-32B8-4F9B-8D8B-92F3C495E29E}
		{4B6BFA67-AE9F-403A-91A5-241CD7E38296} = {57238DDE-32B8-4F9B-8D8B-92F3C495E29E}
		{EA755D99-EB33-4E6A-9A33-E290BD17BBA5} = {57238DDE-32B8-4F9B-8D8B-92F3C495E29E}
		{91629A26-9413-4FD7-938E-8D06449CAE44} = {57238DDE-32B8-4F9B-8D8B-92F3C495E29E}
		{330DEE4C-4ACB-4159-B531-26E945790234} = {57238DDE-32B8-4F9B-8D8B-92F3C495E29E}
		{2DD4FDAD-061C-41BD-BC87-38206A7E85FA} = {57238DDE-32B8-4F9B-8D8B-92F3C495E29E}
		{5B365BA6-009C-43AC-BAC6-01B83A0B1D3C} = {E5CA78A8-FCDE-4656-BF64-9C1F95042669}
		{FC505023-289F-4CE2-9E2F-D1F9BA151B47} = {E5CA78A8-FCDE-4656-BF64-9C1F95042669}
		{7FA20259-E238-4339-B0A4-F6656111072C} = {520EE30B-C2B8-46EF-B041-1F78B45E9188}
		{96A20343-265C-4B26-9498-9C9A7D971CDE} = {520EE30B-C2B8-46EF-B041-1F78B45E9188}
		{04C6A6C5-A3DD-4CAE-91E6-0DE17D78FDED} = {520EE30B-C2B8-46EF-B041-1F78B45E9188}
		{26F33BDF-E912-478B-96BC-333BABC833E9} = {E5CA78A8-FCDE-4656-BF64-9C1F95042669}
		{6AB7B5AD-B1E2-4F9B-B19F-884FFF44109A} = {214362C7-72A2-48BB-8A15-4BDE407005D7}
		{D9C339EE-A383-4A17-AB1A-8446A94FA3FC} = {214362C7-72A2-48BB-8A15-4BDE407005D7}
		{14DC2344-8825-4F39-80AA-9D08F23C9B1F} = {9684E7C5-0B82-45AA-BF23-11D5BE6075D2}
		{65B90186-CCCE-4666-9549-B479E0C269EA} = {9684E7C5-0B82-45AA-BF23-11D5BE6075D2}
		{1019795E-AB6E-4548-A9C6-2E167C46E276} = {3B3629F6-AAFE-48A5-AF61-40734857F561}
		{B869CAD0-3A15-48A9-8F0F-17361AACC448} = {3B3629F6-AAFE-48A5-AF61-40734857F561}
		{7374EDE4-0208-41B4-A50D-519977A4027A} = {08C41CDC-00A8-4338-8A2A-B0F1AFAF83E8}
		{F94CF00D-0336-48F5-8B04-88FF36D731F1} = {3B3629F6-AAFE-48A5-AF61-40734857F561}
	EndGlobalSection
	GlobalSection(ExtensibilityGlobals) = postSolution
		SolutionGuid = {76D029F9-03F4-4A8B-B06A-3DA67CE571D4}
	EndGlobalSection
EndGlobal
