
Microsoft Visual Studio Solution File, Format Version 12.00
# Visual Studio 15
VisualStudioVersion = 15.0.28307.168
MinimumVisualStudioVersion = 10.0.40219.1
Project("{2150E333-8FDC-42A3-9474-1A3956D46DE8}") = "Module1_Multithreading", "Module1_Multithreading", "{D6E624B7-98FF-454B-BACF-4D3945ADDC51}"
EndProject
Project("{2150E333-8FDC-42A3-9474-1A3956D46DE8}") = "01_Multithreading", "01_Multithreading", "{57238DDE-32B8-4F9B-8D8B-92F3C495E29E}"
	ProjectSection(SolutionItems) = preProject
		Module1_Multithreading\01_Multithreading\TaskListLink.txt = Module1_Multithreading\01_Multithreading\TaskListLink.txt
	EndProjectSection
EndProject
Project("{2150E333-8FDC-42A3-9474-1A3956D46DE8}") = "02_AsyncAwait", "02_AsyncAwait", "{520EE30B-C2B8-46EF-B041-1F78B45E9188}"
EndProject
Project("{2150E333-8FDC-42A3-9474-1A3956D46DE8}") = "03_ComplexTask", "03_ComplexTask", "{E5CA78A8-FCDE-4656-BF64-9C1F95042669}"
EndProject
Project("{FAE04EC0-301F-11D3-BF4B-00C04F79EFBC}") = "02.01", "Module1_Multithreading\02_AsyncAwait\02.01\02.01.csproj", "{AF4E1B44-C65C-43CA-B3D1-05964E799D88}"
EndProject
Project("{9A19103F-16F7-4668-BE54-9A1E7A4F7556}") = "01.01", "Module1_Multithreading\01_Multithreading\01.01\01.01.csproj", "{7ADC8685-72C3-4C18-9F77-F6FC0367F9E5}"
EndProject
Project("{9A19103F-16F7-4668-BE54-9A1E7A4F7556}") = "01.02", "Module1_Multithreading\01_Multithreading\01.02\01.02.csproj", "{C79E85E4-ADC4-4079-ACCC-F4DC38BC7DDF}"
EndProject
Project("{9A19103F-16F7-4668-BE54-9A1E7A4F7556}") = "01.03", "Module1_Multithreading\01_Multithreading\01.03\01.03.csproj", "{4B6BFA67-AE9F-403A-91A5-241CD7E38296}"
EndProject
Project("{9A19103F-16F7-4668-BE54-9A1E7A4F7556}") = "01.04", "Module1_Multithreading\01_Multithreading\01.04\01.04.csproj", "{EA755D99-EB33-4E6A-9A33-E290BD17BBA5}"
EndProject
Project("{9A19103F-16F7-4668-BE54-9A1E7A4F7556}") = "01.05", "Module1_Multithreading\01_Multithreading\01.05\01.05.csproj", "{91629A26-9413-4FD7-938E-8D06449CAE44}"
EndProject
Project("{9A19103F-16F7-4668-BE54-9A1E7A4F7556}") = "01.06", "Module1_Multithreading\01_Multithreading\01.06\01.06.csproj", "{330DEE4C-4ACB-4159-B531-26E945790234}"
EndProject
Project("{9A19103F-16F7-4668-BE54-9A1E7A4F7556}") = "01.07", "Module1_Multithreading\01_Multithreading\01.07\01.07.csproj", "{2DD4FDAD-061C-41BD-BC87-38206A7E85FA}"
EndProject
Global
	GlobalSection(SolutionConfigurationPlatforms) = preSolution
		Debug|Any CPU = Debug|Any CPU
		Release|Any CPU = Release|Any CPU
	EndGlobalSection
	GlobalSection(ProjectConfigurationPlatforms) = postSolution
		{AF4E1B44-C65C-43CA-B3D1-05964E799D88}.Debug|Any CPU.ActiveCfg = Debug|Any CPU
		{AF4E1B44-C65C-43CA-B3D1-05964E799D88}.Debug|Any CPU.Build.0 = Debug|Any CPU
		{AF4E1B44-C65C-43CA-B3D1-05964E799D88}.Release|Any CPU.ActiveCfg = Release|Any CPU
		{AF4E1B44-C65C-43CA-B3D1-05964E799D88}.Release|Any CPU.Build.0 = Release|Any CPU
		{7ADC8685-72C3-4C18-9F77-F6FC0367F9E5}.Debug|Any CPU.ActiveCfg = Debug|Any CPU
		{7ADC8685-72C3-4C18-9F77-F6FC0367F9E5}.Debug|Any CPU.Build.0 = Debug|Any CPU
		{7ADC8685-72C3-4C18-9F77-F6FC0367F9E5}.Release|Any CPU.ActiveCfg = Release|Any CPU
		{7ADC8685-72C3-4C18-9F77-F6FC0367F9E5}.Release|Any CPU.Build.0 = Release|Any CPU
		{C79E85E4-ADC4-4079-ACCC-F4DC38BC7DDF}.Debug|Any CPU.ActiveCfg = Debug|Any CPU
		{C79E85E4-ADC4-4079-ACCC-F4DC38BC7DDF}.Debug|Any CPU.Build.0 = Debug|Any CPU
		{C79E85E4-ADC4-4079-ACCC-F4DC38BC7DDF}.Release|Any CPU.ActiveCfg = Release|Any CPU
		{C79E85E4-ADC4-4079-ACCC-F4DC38BC7DDF}.Release|Any CPU.Build.0 = Release|Any CPU
		{4B6BFA67-AE9F-403A-91A5-241CD7E38296}.Debug|Any CPU.ActiveCfg = Debug|Any CPU
		{4B6BFA67-AE9F-403A-91A5-241CD7E38296}.Debug|Any CPU.Build.0 = Debug|Any CPU
		{4B6BFA67-AE9F-403A-91A5-241CD7E38296}.Release|Any CPU.ActiveCfg = Release|Any CPU
		{4B6BFA67-AE9F-403A-91A5-241CD7E38296}.Release|Any CPU.Build.0 = Release|Any CPU
		{EA755D99-EB33-4E6A-9A33-E290BD17BBA5}.Debug|Any CPU.ActiveCfg = Debug|Any CPU
		{EA755D99-EB33-4E6A-9A33-E290BD17BBA5}.Debug|Any CPU.Build.0 = Debug|Any CPU
		{EA755D99-EB33-4E6A-9A33-E290BD17BBA5}.Release|Any CPU.ActiveCfg = Release|Any CPU
		{EA755D99-EB33-4E6A-9A33-E290BD17BBA5}.Release|Any CPU.Build.0 = Release|Any CPU
		{91629A26-9413-4FD7-938E-8D06449CAE44}.Debug|Any CPU.ActiveCfg = Debug|Any CPU
		{91629A26-9413-4FD7-938E-8D06449CAE44}.Debug|Any CPU.Build.0 = Debug|Any CPU
		{91629A26-9413-4FD7-938E-8D06449CAE44}.Release|Any CPU.ActiveCfg = Release|Any CPU
		{91629A26-9413-4FD7-938E-8D06449CAE44}.Release|Any CPU.Build.0 = Release|Any CPU
		{330DEE4C-4ACB-4159-B531-26E945790234}.Debug|Any CPU.ActiveCfg = Debug|Any CPU
		{330DEE4C-4ACB-4159-B531-26E945790234}.Debug|Any CPU.Build.0 = Debug|Any CPU
		{330DEE4C-4ACB-4159-B531-26E945790234}.Release|Any CPU.ActiveCfg = Release|Any CPU
		{330DEE4C-4ACB-4159-B531-26E945790234}.Release|Any CPU.Build.0 = Release|Any CPU
		{2DD4FDAD-061C-41BD-BC87-38206A7E85FA}.Debug|Any CPU.ActiveCfg = Debug|Any CPU
		{2DD4FDAD-061C-41BD-BC87-38206A7E85FA}.Debug|Any CPU.Build.0 = Debug|Any CPU
		{2DD4FDAD-061C-41BD-BC87-38206A7E85FA}.Release|Any CPU.ActiveCfg = Release|Any CPU
		{2DD4FDAD-061C-41BD-BC87-38206A7E85FA}.Release|Any CPU.Build.0 = Release|Any CPU
	EndGlobalSection
	GlobalSection(SolutionProperties) = preSolution
		HideSolutionNode = FALSE
	EndGlobalSection
	GlobalSection(NestedProjects) = preSolution
		{57238DDE-32B8-4F9B-8D8B-92F3C495E29E} = {D6E624B7-98FF-454B-BACF-4D3945ADDC51}
		{520EE30B-C2B8-46EF-B041-1F78B45E9188} = {D6E624B7-98FF-454B-BACF-4D3945ADDC51}
		{E5CA78A8-FCDE-4656-BF64-9C1F95042669} = {D6E624B7-98FF-454B-BACF-4D3945ADDC51}
		{AF4E1B44-C65C-43CA-B3D1-05964E799D88} = {520EE30B-C2B8-46EF-B041-1F78B45E9188}
		{7ADC8685-72C3-4C18-9F77-F6FC0367F9E5} = {57238DDE-32B8-4F9B-8D8B-92F3C495E29E}
		{C79E85E4-ADC4-4079-ACCC-F4DC38BC7DDF} = {57238DDE-32B8-4F9B-8D8B-92F3C495E29E}
		{4B6BFA67-AE9F-403A-91A5-241CD7E38296} = {57238DDE-32B8-4F9B-8D8B-92F3C495E29E}
		{EA755D99-EB33-4E6A-9A33-E290BD17BBA5} = {57238DDE-32B8-4F9B-8D8B-92F3C495E29E}
		{91629A26-9413-4FD7-938E-8D06449CAE44} = {57238DDE-32B8-4F9B-8D8B-92F3C495E29E}
		{330DEE4C-4ACB-4159-B531-26E945790234} = {57238DDE-32B8-4F9B-8D8B-92F3C495E29E}
		{2DD4FDAD-061C-41BD-BC87-38206A7E85FA} = {57238DDE-32B8-4F9B-8D8B-92F3C495E29E}
	EndGlobalSection
	GlobalSection(ExtensibilityGlobals) = postSolution
		SolutionGuid = {76D029F9-03F4-4A8B-B06A-3DA67CE571D4}
	EndGlobalSection
EndGlobal
